// !$*UTF8*$!
{
	archiveVersion = 1;
	classes = {
	};
	objectVersion = 77;
	objects = {

/* Begin PBXBuildFile section */
		A1B2C3D4E5F678900000A00D /* NewsEdgeWidgetExtension.appex in Embed Foundation Extensions */ = {isa = PBXBuildFile; fileRef = A1B2C3D4E5F678900000A001 /* NewsEdgeWidgetExtension.appex */; settings = {ATTRIBUTES = (RemoveHeadersOnCopy, ); }; };
/* End PBXBuildFile section */

/* Begin PBXContainerItemProxy section */
		5B796541301BEB4A0078EFE2 /* PBXContainerItemProxy */ = {
			isa = PBXContainerItemProxy;
			containerPortal = 5B79652B301BEB480078EFE2 /* Project object */;
			proxyType = 1;
			remoteGlobalIDString = 5B796532301BEB480078EFE2;
			remoteInfo = NewsEdge;
		};
		5B79654B301BEB4A0078EFE2 /* PBXContainerItemProxy */ = {
			isa = PBXContainerItemProxy;
			containerPortal = 5B79652B301BEB480078EFE2 /* Project object */;
			proxyType = 1;
			remoteGlobalIDString = 5B796532301BEB480078EFE2;
			remoteInfo = NewsEdge;
		};
		A1B2C3D4E5F678900000A00B /* PBXContainerItemProxy */ = {
			isa = PBXContainerItemProxy;
			containerPortal = 5B79652B301BEB480078EFE2 /* Project object */;
			proxyType = 1;
			remoteGlobalIDString = A1B2C3D4E5F678900000A007;
			remoteInfo = NewsEdgeWidgetExtension;
		};
/* End PBXContainerItemProxy section */

/* Begin PBXCopyFilesBuildPhase section */
		A1B2C3D4E5F678900000A00E /* Embed Foundation Extensions */ = {
			isa = PBXCopyFilesBuildPhase;
			buildActionMask = 2147483647;
			dstPath = "";
			dstSubfolderSpec = 13;
			files = (
				A1B2C3D4E5F678900000A00D /* NewsEdgeWidgetExtension.appex in Embed Foundation Extensions */,
			);
			name = "Embed Foundation Extensions";
			runOnlyForDeploymentPostprocessing = 0;
		};
/* End PBXCopyFilesBuildPhase section */

/* Begin PBXFileReference section */
		5B796533301BEB480078EFE2 /* NewsEdge.app */ = {isa = PBXFileReference; explicitFileType = wrapper.application; includeInIndex = 0; path = NewsEdge.app; sourceTree = BUILT_PRODUCTS_DIR; };
		5B796540301BEB4A0078EFE2 /* NewsEdgeTests.xctest */ = {isa = PBXFileReference; explicitFileType = wrapper.cfbundle; includeInIndex = 0; path = NewsEdgeTests.xctest; sourceTree = BUILT_PRODUCTS_DIR; };
		5B79654A301BEB4A0078EFE2 /* NewsEdgeUITests.xctest */ = {isa = PBXFileReference; explicitFileType = wrapper.cfbundle; includeInIndex = 0; path = NewsEdgeUITests.xctest; sourceTree = BUILT_PRODUCTS_DIR; };
		A1B2C3D4E5F678900000A001 /* NewsEdgeWidgetExtension.appex */ = {isa = PBXFileReference; explicitFileType = "wrapper.app-extension"; includeInIndex = 0; path = NewsEdgeWidgetExtension.appex; sourceTree = BUILT_PRODUCTS_DIR; };
/* End PBXFileReference section */

/* Begin PBXFileSystemSynchronizedBuildFileExceptionSet section */
		A1B2C3D4E5F678900000A003 /* Exceptions for "NewsEdgeWidget" folder in "NewsEdgeWidgetExtension" target */ = {
			isa = PBXFileSystemSynchronizedBuildFileExceptionSet;
			membershipExceptions = (
				Info.plist,
			);
			target = A1B2C3D4E5F678900000A007 /* NewsEdgeWidgetExtension */;
		};
/* End PBXFileSystemSynchronizedBuildFileExceptionSet section */

/* Begin PBXFileSystemSynchronizedRootGroup section */
		5B796535301BEB480078EFE2 /* NewsEdge */ = {
			isa = PBXFileSystemSynchronizedRootGroup;
			path = NewsEdge;
			sourceTree = "<group>";
		};
		5B796543301BEB4A0078EFE2 /* NewsEdgeTests */ = {
			isa = PBXFileSystemSynchronizedRootGroup;
			path = NewsEdgeTests;
			sourceTree = "<group>";
		};
		5B79654D301BEB4A0078EFE2 /* NewsEdgeUITests */ = {
			isa = PBXFileSystemSynchronizedRootGroup;
			path = NewsEdgeUITests;
			sourceTree = "<group>";
		};
		A1B2C3D4E5F678900000A002 /* NewsEdgeWidget */ = {
			isa = PBXFileSystemSynchronizedRootGroup;
			exceptions = (
				A1B2C3D4E5F678900000A003 /* Exceptions for "NewsEdgeWidget" folder in "NewsEdgeWidgetExtension" target */,
			);
			path = NewsEdgeWidget;
			sourceTree = "<group>";
		};
/* End PBXFileSystemSynchronizedRootGroup section */

/* Begin PBXFrameworksBuildPhase section */
		5B796530301BEB480078EFE2 /* Frameworks */ = {
			isa = PBXFrameworksBuildPhase;
			buildActionMask = 2147483647;
			files = (
			);
			runOnlyForDeploymentPostprocessing = 0;
		};
		5B79653D301BEB4A0078EFE2 /* Frameworks */ = {
			isa = PBXFrameworksBuildPhase;
			buildActionMask = 2147483647;
			files = (
			);
			runOnlyForDeploymentPostprocessing = 0;
		};
		5B796547301BEB4A0078EFE2 /* Frameworks */ = {
			isa = PBXFrameworksBuildPhase;
			buildActionMask = 2147483647;
			files = (
			);
			runOnlyForDeploymentPostprocessing = 0;
		};
		A1B2C3D4E5F678900000A004 /* Frameworks */ = {
			isa = PBXFrameworksBuildPhase;
			buildActionMask = 2147483647;
			files = (
			);
			runOnlyForDeploymentPostprocessing = 0;
		};
/* End PBXFrameworksBuildPhase section */

/* Begin PBXGroup section */
		5B79652A301BEB480078EFE2 = {
			isa = PBXGroup;
			children = (
				5B796535301BEB480078EFE2 /* NewsEdge */,
				5B796543301BEB4A0078EFE2 /* NewsEdgeTests */,
				5B79654D301BEB4A0078EFE2 /* NewsEdgeUITests */,
				A1B2C3D4E5F678900000A002 /* NewsEdgeWidget */,
				5B796534301BEB480078EFE2 /* Products */,
			);
			sourceTree = "<group>";
		};
		5B796534301BEB480078EFE2 /* Products */ = {
			isa = PBXGroup;
			children = (
				5B796533301BEB480078EFE2 /* NewsEdge.app */,
				5B796540301BEB4A0078EFE2 /* NewsEdgeTests.xctest */,
				5B79654A301BEB4A0078EFE2 /* NewsEdgeUITests.xctest */,
				A1B2C3D4E5F678900000A001 /* NewsEdgeWidgetExtension.appex */,
			);
			name = Products;
			sourceTree = "<group>";
		};
/* End PBXGroup section */

/* Begin PBXNativeTarget section */
		5B796532301BEB480078EFE2 /* NewsEdge */ = {
			isa = PBXNativeTarget;
			buildConfigurationList = 5B796554301BEB4A0078EFE2 /* Build configuration list for PBXNativeTarget "NewsEdge" */;
			buildPhases = (
				5B79652F301BEB480078EFE2 /* Sources */,
				5B796530301BEB480078EFE2 /* Frameworks */,
				5B796531301BEB480078EFE2 /* Resources */,
				A1B2C3D4E5F678900000A00E /* Embed Foundation Extensions */,
			);
			buildRules = (
			);
			dependencies = (
				A1B2C3D4E5F678900000A00C /* PBXTargetDependency */,
			);
			fileSystemSynchronizedGroups = (
				5B796535301BEB480078EFE2 /* NewsEdge */,
			);
			name = NewsEdge;
			packageProductDependencies = (
			);
			productName = NewsEdge;
			productReference = 5B796533301BEB480078EFE2 /* NewsEdge.app */;
			productType = "com.apple.product-type.application";
		};
		5B79653F301BEB4A0078EFE2 /* NewsEdgeTests */ = {
			isa = PBXNativeTarget;
			buildConfigurationList = 5B796557301BEB4A0078EFE2 /* Build configuration list for PBXNativeTarget "NewsEdgeTests" */;
			buildPhases = (
				5B79653C301BEB4A0078EFE2 /* Sources */,
				5B79653D301BEB4A0078EFE2 /* Frameworks */,
				5B79653E301BEB4A0078EFE2 /* Resources */,
			);
			buildRules = (
			);
			dependencies = (
				5B796542301BEB4A0078EFE2 /* PBXTargetDependency */,
			);
			fileSystemSynchronizedGroups = (
				5B796543301BEB4A0078EFE2 /* NewsEdgeTests */,
			);
			name = NewsEdgeTests;
			packageProductDependencies = (
			);
			productName = NewsEdgeTests;
			productReference = 5B796540301BEB4A0078EFE2 /* NewsEdgeTests.xctest */;
			productType = "com.apple.product-type.bundle.unit-test";
		};
		5B796549301BEB4A0078EFE2 /* NewsEdgeUITests */ = {
			isa = PBXNativeTarget;
			buildConfigurationList = 5B79655A301BEB4A0078EFE2 /* Build configuration list for PBXNativeTarget "NewsEdgeUITests" */;
			buildPhases = (
				5B796546301BEB4A0078EFE2 /* Sources */,
				5B796547301BEB4A0078EFE2 /* Frameworks */,
				5B796548301BEB4A0078EFE2 /* Resources */,
			);
			buildRules = (
			);
			dependencies = (
				5B79654C301BEB4A0078EFE2 /* PBXTargetDependency */,
			);
			fileSystemSynchronizedGroups = (
				5B79654D301BEB4A0078EFE2 /* NewsEdgeUITests */,
			);
			name = NewsEdgeUITests;
			packageProductDependencies = (
			);
			productName = NewsEdgeUITests;
			productReference = 5B79654A301BEB4A0078EFE2 /* NewsEdgeUITests.xctest */;
			productType = "com.apple.product-type.bundle.ui-testing";
		};
		A1B2C3D4E5F678900000A007 /* NewsEdgeWidgetExtension */ = {
			isa = PBXNativeTarget;
			buildConfigurationList = A1B2C3D4E5F678900000A00A /* Build configuration list for PBXNativeTarget "NewsEdgeWidgetExtension" */;
			buildPhases = (
				A1B2C3D4E5F678900000A006 /* Sources */,
				A1B2C3D4E5F678900000A004 /* Frameworks */,
				A1B2C3D4E5F678900000A005 /* Resources */,
			);
			buildRules = (
			);
			dependencies = (
			);
			fileSystemSynchronizedGroups = (
				A1B2C3D4E5F678900000A002 /* NewsEdgeWidget */,
			);
			name = NewsEdgeWidgetExtension;
			packageProductDependencies = (
			);
			productName = NewsEdgeWidgetExtension;
			productReference = A1B2C3D4E5F678900000A001 /* NewsEdgeWidgetExtension.appex */;
			productType = "com.apple.product-type.app-extension";
		};
/* End PBXNativeTarget section */

/* Begin PBXProject section */
		5B79652B301BEB480078EFE2 /* Project object */ = {
			isa = PBXProject;
			attributes = {
				BuildIndependentTargetsInParallel = 1;
				LastSwiftUpdateCheck = 2660;
				LastUpgradeCheck = 2660;
				TargetAttributes = {
					5B796532301BEB480078EFE2 = {
						CreatedOnToolsVersion = 26.6;
					};
					5B79653F301BEB4A0078EFE2 = {
						CreatedOnToolsVersion = 26.6;
						TestTargetID = 5B796532301BEB480078EFE2;
					};
					5B796549301BEB4A0078EFE2 = {
						CreatedOnToolsVersion = 26.6;
						TestTargetID = 5B796532301BEB480078EFE2;
					};
					A1B2C3D4E5F678900000A007 = {
						CreatedOnToolsVersion = 26.6;
					};
				};
			};
			buildConfigurationList = 5B79652E301BEB480078EFE2 /* Build configuration list for PBXProject "NewsEdge" */;
			developmentRegion = en;
			hasScannedForEncodings = 0;
			knownRegions = (
				en,
				Base,
			);
			mainGroup = 5B79652A301BEB480078EFE2;
			minimizedProjectReferenceProxies = 1;
			preferredProjectObjectVersion = 77;
			productRefGroup = 5B796534301BEB480078EFE2 /* Products */;
			projectDirPath = "";
			projectRoot = "";
			targets = (
				5B796532301BEB480078EFE2 /* NewsEdge */,
				5B79653F301BEB4A0078EFE2 /* NewsEdgeTests */,
				5B796549301BEB4A0078EFE2 /* NewsEdgeUITests */,
				A1B2C3D4E5F678900000A007 /* NewsEdgeWidgetExtension */,
			);
		};
/* End PBXProject section */

/* Begin PBXResourcesBuildPhase section */
		5B796531301BEB480078EFE2 /* Resources */ = {
			isa = PBXResourcesBuildPhase;
			buildActionMask = 2147483647;
			files = (
			);
			runOnlyForDeploymentPostprocessing = 0;
		};
		5B79653E301BEB4A0078EFE2 /* Resources */ = {
			isa = PBXResourcesBuildPhase;
			buildActionMask = 2147483647;
			files = (
			);
			runOnlyForDeploymentPostprocessing = 0;
		};
		5B796548301BEB4A0078EFE2 /* Resources */ = {
			isa = PBXResourcesBuildPhase;
			buildActionMask = 2147483647;
			files = (
			);
			runOnlyForDeploymentPostprocessing = 0;
		};
		A1B2C3D4E5F678900000A005 /* Resources */ = {
			isa = PBXResourcesBuildPhase;
			buildActionMask = 2147483647;
			files = (
			);
			runOnlyForDeploymentPostprocessing = 0;
		};
/* End PBXResourcesBuildPhase section */

/* Begin PBXSourcesBuildPhase section */
		5B79652F301BEB480078EFE2 /* Sources */ = {
			isa = PBXSourcesBuildPhase;
			buildActionMask = 2147483647;
			files = (
			);
			runOnlyForDeploymentPostprocessing = 0;
		};
		5B79653C301BEB4A0078EFE2 /* Sources */ = {
			isa = PBXSourcesBuildPhase;
			buildActionMask = 2147483647;
			files = (
			);
			runOnlyForDeploymentPostprocessing = 0;
		};
		5B796546301BEB4A0078EFE2 /* Sources */ = {
			isa = PBXSourcesBuildPhase;
			buildActionMask = 2147483647;
			files = (
			);
			runOnlyForDeploymentPostprocessing = 0;
		};
		A1B2C3D4E5F678900000A006 /* Sources */ = {
			isa = PBXSourcesBuildPhase;
			buildActionMask = 2147483647;
			files = (
			);
			runOnlyForDeploymentPostprocessing = 0;
		};
/* End PBXSourcesBuildPhase section */

/* Begin PBXTargetDependency section */
		5B796542301BEB4A0078EFE2 /* PBXTargetDependency */ = {
			isa = PBXTargetDependency;
			target = 5B796532301BEB480078EFE2 /* NewsEdge */;
			targetProxy = 5B796541301BEB4A0078EFE2 /* PBXContainerItemProxy */;
		};
		5B79654C301BEB4A0078EFE2 /* PBXTargetDependency */ = {
			isa = PBXTargetDependency;
			target = 5B796532301BEB480078EFE2 /* NewsEdge */;
			targetProxy = 5B79654B301BEB4A0078EFE2 /* PBXContainerItemProxy */;
		};
		A1B2C3D4E5F678900000A00C /* PBXTargetDependency */ = {
			isa = PBXTargetDependency;
			target = A1B2C3D4E5F678900000A007 /* NewsEdgeWidgetExtension */;
			targetProxy = A1B2C3D4E5F678900000A00B /* PBXContainerItemProxy */;
		};
/* End PBXTargetDependency section */

/* Begin XCBuildConfiguration section */
		5B796552301BEB4A0078EFE2 /* Debug */ = {
			isa = XCBuildConfiguration;
			buildSettings = {
				ALWAYS_SEARCH_USER_PATHS = NO;
				ASSETCATALOG_COMPILER_GENERATE_SWIFT_ASSET_SYMBOL_EXTENSIONS = YES;
				CLANG_ANALYZER_NONNULL = YES;
				CLANG_ANALYZER_NUMBER_OBJECT_CONVERSION = YES_AGGRESSIVE;
				CLANG_CXX_LANGUAGE_STANDARD = "gnu++20";
				CLANG_ENABLE_MODULES = YES;
				CLANG_ENABLE_OBJC_ARC = YES;
				CLANG_ENABLE_OBJC_WEAK = YES;
				CLANG_WARN_BLOCK_CAPTURE_AUTORELEASING = YES;
				CLANG_WARN_BOOL_CONVERSION = YES;
				CLANG_WARN_COMMA = YES;
				CLANG_WARN_CONSTANT_CONVERSION = YES;
				CLANG_WARN_DEPRECATED_OBJC_IMPLEMENTATIONS = YES;
				CLANG_WARN_DIRECT_OBJC_ISA_USAGE = YES_ERROR;
				CLANG_WARN_DOCUMENTATION_COMMENTS = YES;
				CLANG_WARN_EMPTY_BODY = YES;
				CLANG_WARN_ENUM_CONVERSION = YES;
				CLANG_WARN_INFINITE_RECURSION = YES;
				CLANG_WARN_INT_CONVERSION = YES;
				CLANG_WARN_NON_LITERAL_NULL_CONVERSION = YES;
				CLANG_WARN_OBJC_IMPLICIT_RETAIN_SELF = YES;
				CLANG_WARN_OBJC_LITERAL_CONVERSION = YES;
				CLANG_WARN_OBJC_ROOT_CLASS = YES_ERROR;
				CLANG_WARN_QUOTED_INCLUDE_IN_FRAMEWORK_HEADER = YES;
				CLANG_WARN_RANGE_LOOP_ANALYSIS = YES;
				CLANG_WARN_STRICT_PROTOTYPES = YES;
				CLANG_WARN_SUSPICIOUS_MOVE = YES;
				CLANG_WARN_UNGUARDED_AVAILABILITY = YES_AGGRESSIVE;
				CLANG_WARN_UNREACHABLE_CODE = YES;
				CLANG_WARN__DUPLICATE_METHOD_MATCH = YES;
				COPY_PHASE_STRIP = NO;
				DEBUG_INFORMATION_FORMAT = dwarf;
				ENABLE_STRICT_OBJC_MSGSEND = YES;
				ENABLE_TESTABILITY = YES;
				ENABLE_USER_SCRIPT_SANDBOXING = YES;
				GCC_C_LANGUAGE_STANDARD = gnu17;
				GCC_DYNAMIC_NO_PIC = NO;
				GCC_NO_COMMON_BLOCKS = YES;
				GCC_OPTIMIZATION_LEVEL = 0;
				GCC_PREPROCESSOR_DEFINITIONS = (
					"DEBUG=1",
					"$(inherited)",
				);
				GCC_WARN_64_TO_32_BIT_CONVERSION = YES;
				GCC_WARN_ABOUT_RETURN_TYPE = YES_ERROR;
				GCC_WARN_UNDECLARED_SELECTOR = YES;
				GCC_WARN_UNINITIALIZED_AUTOS = YES_AGGRESSIVE;
				GCC_WARN_UNUSED_FUNCTION = YES;
				GCC_WARN_UNUSED_VARIABLE = YES;
				IPHONEOS_DEPLOYMENT_TARGET = 26.5;
				LOCALIZATION_PREFERS_STRING_CATALOGS = YES;
				MTL_ENABLE_DEBUG_INFO = INCLUDE_SOURCE;
				MTL_FAST_MATH = YES;
				ONLY_ACTIVE_ARCH = YES;
				SDKROOT = iphoneos;
				SWIFT_ACTIVE_COMPILATION_CONDITIONS = "DEBUG $(inherited)";
				SWIFT_OPTIMIZATION_LEVEL = "-Onone";
			};
			name = Debug;
		};
		5B796553301BEB4A0078EFE2 /* Release */ = {
			isa = XCBuildConfiguration;
			buildSettings = {
				ALWAYS_SEARCH_USER_PATHS = NO;
				ASSETCATALOG_COMPILER_GENERATE_SWIFT_ASSET_SYMBOL_EXTENSIONS = YES;
				CLANG_ANALYZER_NONNULL = YES;
				CLANG_ANALYZER_NUMBER_OBJECT_CONVERSION = YES_AGGRESSIVE;
				CLANG_CXX_LANGUAGE_STANDARD = "gnu++20";
				CLANG_ENABLE_MODULES = YES;
				CLANG_ENABLE_OBJC_ARC = YES;
				CLANG_ENABLE_OBJC_WEAK = YES;
				CLANG_WARN_BLOCK_CAPTURE_AUTORELEASING = YES;
				CLANG_WARN_BOOL_CONVERSION = YES;
				CLANG_WARN_COMMA = YES;
				CLANG_WARN_CONSTANT_CONVERSION = YES;
				CLANG_WARN_DEPRECATED_OBJC_IMPLEMENTATIONS = YES;
				CLANG_WARN_DIRECT_OBJC_ISA_USAGE = YES_ERROR;
				CLANG_WARN_DOCUMENTATION_COMMENTS = YES;
				CLANG_WARN_EMPTY_BODY = YES;
				CLANG_WARN_ENUM_CONVERSION = YES;
				CLANG_WARN_INFINITE_RECURSION = YES;
				CLANG_WARN_INT_CONVERSION = YES;
				CLANG_WARN_NON_LITERAL_NULL_CONVERSION = YES;
				CLANG_WARN_OBJC_IMPLICIT_RETAIN_SELF = YES;
				CLANG_WARN_OBJC_LITERAL_CONVERSION = YES;
				CLANG_WARN_OBJC_ROOT_CLASS = YES_ERROR;
				CLANG_WARN_QUOTED_INCLUDE_IN_FRAMEWORK_HEADER = YES;
				CLANG_WARN_RANGE_LOOP_ANALYSIS = YES;
				CLANG_WARN_STRICT_PROTOTYPES = YES;
				CLANG_WARN_SUSPICIOUS_MOVE = YES;
				CLANG_WARN_UNGUARDED_AVAILABILITY = YES_AGGRESSIVE;
				CLANG_WARN_UNREACHABLE_CODE = YES;
				CLANG_WARN__DUPLICATE_METHOD_MATCH = YES;
				COPY_PHASE_STRIP = NO;
				DEBUG_INFORMATION_FORMAT = "dwarf-with-dsym";
				ENABLE_NS_ASSERTIONS = NO;
				ENABLE_STRICT_OBJC_MSGSEND = YES;
				ENABLE_USER_SCRIPT_SANDBOXING = YES;
				GCC_C_LANGUAGE_STANDARD = gnu17;
				GCC_NO_COMMON_BLOCKS = YES;
				GCC_WARN_64_TO_32_BIT_CONVERSION = YES;
				GCC_WARN_ABOUT_RETURN_TYPE = YES_ERROR;
				GCC_WARN_UNDECLARED_SELECTOR = YES;
				GCC_WARN_UNINITIALIZED_AUTOS = YES_AGGRESSIVE;
				GCC_WARN_UNUSED_FUNCTION = YES;
				GCC_WARN_UNUSED_VARIABLE = YES;
				IPHONEOS_DEPLOYMENT_TARGET = 26.5;
				LOCALIZATION_PREFERS_STRING_CATALOGS = YES;
				MTL_ENABLE_DEBUG_INFO = NO;
				MTL_FAST_MATH = YES;
				SDKROOT = iphoneos;
				SWIFT_COMPILATION_MODE = wholemodule;
				VALIDATE_PRODUCT = YES;
			};
			name = Release;
		};
		5B796555301BEB4A0078EFE2 /* Debug */ = {
			isa = XCBuildConfiguration;
			buildSettings = {
				ASSETCATALOG_COMPILER_APPICON_NAME = AppIcon;
				ASSETCATALOG_COMPILER_GLOBAL_ACCENT_COLOR_NAME = AccentColor;
				CODE_SIGN_ENTITLEMENTS = NewsEdge/NewsEdge.entitlements;
				CODE_SIGN_STYLE = Automatic;
				CURRENT_PROJECT_VERSION = 1;
				ENABLE_PREVIEWS = YES;
				GENERATE_INFOPLIST_FILE = YES;
				INFOPLIST_KEY_UIApplicationSceneManifest_Generation = YES;
				INFOPLIST_KEY_UIApplicationSupportsIndirectInputEvents = YES;
				INFOPLIST_KEY_UILaunchScreen_Generation = YES;
				INFOPLIST_KEY_UISupportedInterfaceOrientations_iPad = "UIInterfaceOrientationPortrait UIInterfaceOrientationPortraitUpsideDown UIInterfaceOrientationLandscapeLeft UIInterfaceOrientationLandscapeRight";
				INFOPLIST_KEY_UISupportedInterfaceOrientations_iPhone = "UIInterfaceOrientationPortrait UIInterfaceOrientationLandscapeLeft UIInterfaceOrientationLandscapeRight";
				LD_RUNPATH_SEARCH_PATHS = (
					"$(inherited)",
					"@executable_path/Frameworks",
				);
				MARKETING_VERSION = 1.0;
				PRODUCT_BUNDLE_IDENTIFIER = nr.NewsEdge;
				PRODUCT_NAME = "$(TARGET_NAME)";
				STRING_CATALOG_GENERATE_SYMBOLS = YES;
				SWIFT_APPROACHABLE_CONCURRENCY = YES;
				SWIFT_DEFAULT_ACTOR_ISOLATION = MainActor;
				SWIFT_EMIT_LOC_STRINGS = YES;
				SWIFT_UPCOMING_FEATURE_MEMBER_IMPORT_VISIBILITY = YES;
				SWIFT_VERSION = 5.0;
				TARGETED_DEVICE_FAMILY = "1,2";
			};
			name = Debug;
		};
		5B796556301BEB4A0078EFE2 /* Release */ = {
			isa = XCBuildConfiguration;
			buildSettings = {
				ASSETCATALOG_COMPILER_APPICON_NAME = AppIcon;
				ASSETCATALOG_COMPILER_GLOBAL_ACCENT_COLOR_NAME = AccentColor;
				CODE_SIGN_ENTITLEMENTS = NewsEdge/NewsEdge.entitlements;
				CODE_SIGN_STYLE = Automatic;
				CURRENT_PROJECT_VERSION = 1;
				ENABLE_PREVIEWS = YES;
				GENERATE_INFOPLIST_FILE = YES;
				INFOPLIST_KEY_UIApplicationSceneManifest_Generation = YES;
				INFOPLIST_KEY_UIApplicationSupportsIndirectInputEvents = YES;
				INFOPLIST_KEY_UILaunchScreen_Generation = YES;
				INFOPLIST_KEY_UISupportedInterfaceOrientations_iPad = "UIInterfaceOrientationPortrait UIInterfaceOrientationPortraitUpsideDown UIInterfaceOrientationLandscapeLeft UIInterfaceOrientationLandscapeRight";
				INFOPLIST_KEY_UISupportedInterfaceOrientations_iPhone = "UIInterfaceOrientationPortrait UIInterfaceOrientationLandscapeLeft UIInterfaceOrientationLandscapeRight";
				LD_RUNPATH_SEARCH_PATHS = (
					"$(inherited)",
					"@executable_path/Frameworks",
				);
				MARKETING_VERSION = 1.0;
				PRODUCT_BUNDLE_IDENTIFIER = nr.NewsEdge;
				PRODUCT_NAME = "$(TARGET_NAME)";
				STRING_CATALOG_GENERATE_SYMBOLS = YES;
				SWIFT_APPROACHABLE_CONCURRENCY = YES;
				SWIFT_DEFAULT_ACTOR_ISOLATION = MainActor;
				SWIFT_EMIT_LOC_STRINGS = YES;
				SWIFT_UPCOMING_FEATURE_MEMBER_IMPORT_VISIBILITY = YES;
				SWIFT_VERSION = 5.0;
				TARGETED_DEVICE_FAMILY = "1,2";
			};
			name = Release;
		};
		5B796558301BEB4A0078EFE2 /* Debug */ = {
			isa = XCBuildConfiguration;
			buildSettings = {
				BUNDLE_LOADER = "$(TEST_HOST)";
				CODE_SIGN_STYLE = Automatic;
				CURRENT_PROJECT_VERSION = 1;
				GENERATE_INFOPLIST_FILE = YES;
				IPHONEOS_DEPLOYMENT_TARGET = 26.5;
				MARKETING_VERSION = 1.0;
				PRODUCT_BUNDLE_IDENTIFIER = nr.NewsEdgeTests;
				PRODUCT_NAME = "$(TARGET_NAME)";
				STRING_CATALOG_GENERATE_SYMBOLS = NO;
				SWIFT_APPROACHABLE_CONCURRENCY = YES;
				SWIFT_EMIT_LOC_STRINGS = NO;
				SWIFT_UPCOMING_FEATURE_MEMBER_IMPORT_VISIBILITY = YES;
				SWIFT_VERSION = 5.0;
				TARGETED_DEVICE_FAMILY = "1,2";
				TEST_HOST = "$(BUILT_PRODUCTS_DIR)/NewsEdge.app/$(BUNDLE_EXECUTABLE_FOLDER_PATH)/NewsEdge";
			};
			name = Debug;
		};
		5B796559301BEB4A0078EFE2 /* Release */ = {
			isa = XCBuildConfiguration;
			buildSettings = {
				BUNDLE_LOADER = "$(TEST_HOST)";
				CODE_SIGN_STYLE = Automatic;
				CURRENT_PROJECT_VERSION = 1;
				GENERATE_INFOPLIST_FILE = YES;
				IPHONEOS_DEPLOYMENT_TARGET = 26.5;
				MARKETING_VERSION = 1.0;
				PRODUCT_BUNDLE_IDENTIFIER = nr.NewsEdgeTests;
				PRODUCT_NAME = "$(TARGET_NAME)";
				STRING_CATALOG_GENERATE_SYMBOLS = NO;
				SWIFT_APPROACHABLE_CONCURRENCY = YES;
				SWIFT_EMIT_LOC_STRINGS = NO;
				SWIFT_UPCOMING_FEATURE_MEMBER_IMPORT_VISIBILITY = YES;
				SWIFT_VERSION = 5.0;
				TARGETED_DEVICE_FAMILY = "1,2";
				TEST_HOST = "$(BUILT_PRODUCTS_DIR)/NewsEdge.app/$(BUNDLE_EXECUTABLE_FOLDER_PATH)/NewsEdge";
			};
			name = Release;
		};
		5B79655B301BEB4A0078EFE2 /* Debug */ = {
			isa = XCBuildConfiguration;
			buildSettings = {
				CODE_SIGN_STYLE = Automatic;
				CURRENT_PROJECT_VERSION = 1;
				GENERATE_INFOPLIST_FILE = YES;
				MARKETING_VERSION = 1.0;
				PRODUCT_BUNDLE_IDENTIFIER = nr.NewsEdgeUITests;
				PRODUCT_NAME = "$(TARGET_NAME)";
				STRING_CATALOG_GENERATE_SYMBOLS = NO;
				SWIFT_APPROACHABLE_CONCURRENCY = YES;
				SWIFT_EMIT_LOC_STRINGS = NO;
				SWIFT_UPCOMING_FEATURE_MEMBER_IMPORT_VISIBILITY = YES;
				SWIFT_VERSION = 5.0;
				TARGETED_DEVICE_FAMILY = "1,2";
				TEST_TARGET_NAME = NewsEdge;
			};
			name = Debug;
		};
		5B79655C301BEB4A0078EFE2 /* Release */ = {
			isa = XCBuildConfiguration;
			buildSettings = {
				CODE_SIGN_STYLE = Automatic;
				CURRENT_PROJECT_VERSION = 1;
				GENERATE_INFOPLIST_FILE = YES;
				MARKETING_VERSION = 1.0;
				PRODUCT_BUNDLE_IDENTIFIER = nr.NewsEdgeUITests;
				PRODUCT_NAME = "$(TARGET_NAME)";
				STRING_CATALOG_GENERATE_SYMBOLS = NO;
				SWIFT_APPROACHABLE_CONCURRENCY = YES;
				SWIFT_EMIT_LOC_STRINGS = NO;
				SWIFT_UPCOMING_FEATURE_MEMBER_IMPORT_VISIBILITY = YES;
				SWIFT_VERSION = 5.0;
				TARGETED_DEVICE_FAMILY = "1,2";
				TEST_TARGET_NAME = NewsEdge;
			};
			name = Release;
		};
		A1B2C3D4E5F678900000A008 /* Debug */ = {
			isa = XCBuildConfiguration;
			buildSettings = {
				CODE_SIGN_ENTITLEMENTS = NewsEdgeWidget/NewsEdgeWidget.entitlements;
				CODE_SIGN_STYLE = Automatic;
				CURRENT_PROJECT_VERSION = 1;
				GENERATE_INFOPLIST_FILE = NO;
				INFOPLIST_FILE = NewsEdgeWidget/Info.plist;
				IPHONEOS_DEPLOYMENT_TARGET = 26.5;
				LD_RUNPATH_SEARCH_PATHS = (
					"$(inherited)",
					"@executable_path/Frameworks",
					"@executable_path/../../Frameworks",
				);
				MARKETING_VERSION = 1.0;
				PRODUCT_BUNDLE_IDENTIFIER = nr.NewsEdge.NewsEdgeWidget;
				PRODUCT_NAME = "$(TARGET_NAME)";
				SKIP_INSTALL = YES;
				SWIFT_APPROACHABLE_CONCURRENCY = YES;
				SWIFT_EMIT_LOC_STRINGS = YES;
				SWIFT_VERSION = 5.0;
				TARGETED_DEVICE_FAMILY = "1,2";
			};
			name = Debug;
		};
		A1B2C3D4E5F678900000A009 /* Release */ = {
			isa = XCBuildConfiguration;
			buildSettings = {
				CODE_SIGN_ENTITLEMENTS = NewsEdgeWidget/NewsEdgeWidget.entitlements;
				CODE_SIGN_STYLE = Automatic;
				CURRENT_PROJECT_VERSION = 1;
				GENERATE_INFOPLIST_FILE = NO;
				INFOPLIST_FILE = NewsEdgeWidget/Info.plist;
				IPHONEOS_DEPLOYMENT_TARGET = 26.5;
				LD_RUNPATH_SEARCH_PATHS = (
					"$(inherited)",
					"@executable_path/Frameworks",
					"@executable_path/../../Frameworks",
				);
				MARKETING_VERSION = 1.0;
				PRODUCT_BUNDLE_IDENTIFIER = nr.NewsEdge.NewsEdgeWidget;
				PRODUCT_NAME = "$(TARGET_NAME)";
				SKIP_INSTALL = YES;
				SWIFT_APPROACHABLE_CONCURRENCY = YES;
				SWIFT_EMIT_LOC_STRINGS = YES;
				SWIFT_VERSION = 5.0;
				TARGETED_DEVICE_FAMILY = "1,2";
			};
			name = Release;
		};
/* End XCBuildConfiguration section */

/* Begin XCConfigurationList section */
		5B79652E301BEB480078EFE2 /* Build configuration list for PBXProject "NewsEdge" */ = {
			isa = XCConfigurationList;
			buildConfigurations = (
				5B796552301BEB4A0078EFE2 /* Debug */,
				5B796553301BEB4A0078EFE2 /* Release */,
			);
			defaultConfigurationIsVisible = 0;
			defaultConfigurationName = Release;
		};
		5B796554301BEB4A0078EFE2 /* Build configuration list for PBXNativeTarget "NewsEdge" */ = {
			isa = XCConfigurationList;
			buildConfigurations = (
				5B796555301BEB4A0078EFE2 /* Debug */,
				5B796556301BEB4A0078EFE2 /* Release */,
			);
			defaultConfigurationIsVisible = 0;
			defaultConfigurationName = Release;
		};
		5B796557301BEB4A0078EFE2 /* Build configuration list for PBXNativeTarget "NewsEdgeTests" */ = {
			isa = XCConfigurationList;
			buildConfigurations = (
				5B796558301BEB4A0078EFE2 /* Debug */,
				5B796559301BEB4A0078EFE2 /* Release */,
			);
			defaultConfigurationIsVisible = 0;
			defaultConfigurationName = Release;
		};
		5B79655A301BEB4A0078EFE2 /* Build configuration list for PBXNativeTarget "NewsEdgeUITests" */ = {
			isa = XCConfigurationList;
			buildConfigurations = (
				5B79655B301BEB4A0078EFE2 /* Debug */,
				5B79655C301BEB4A0078EFE2 /* Release */,
			);
			defaultConfigurationIsVisible = 0;
			defaultConfigurationName = Release;
		};
		A1B2C3D4E5F678900000A00A /* Build configuration list for PBXNativeTarget "NewsEdgeWidgetExtension" */ = {
			isa = XCConfigurationList;
			buildConfigurations = (
				A1B2C3D4E5F678900000A008 /* Debug */,
				A1B2C3D4E5F678900000A009 /* Release */,
			);
			defaultConfigurationIsVisible = 0;
			defaultConfigurationName = Release;
		};
/* End XCConfigurationList section */
	};
	rootObject = 5B79652B301BEB480078EFE2 /* Project object */;
}
